
Microsoft Visual Studio Solution File, Format Version 12.00
# Visual Studio Version 17
VisualStudioVersion = 17.0.32112.339
MinimumVisualStudioVersion = 10.0.40219.1
Project("{9A19103F-16F7-4668-BE54-9A1E7A4F7556}") = "UsefulUiDebug", "UsefulUiDebug.csproj", "{0BB815DF-6855-47BD-9B25-9F1F6D1590AB}"
EndProject
Global
	GlobalSection(SolutionConfigurationPlatforms) = preSolution
		Debug|x64 = Debug|x64
		Release|x64 = Release|x64
	EndGlobalSection
	GlobalSection(ProjectConfigurationPlatforms) = postSolution
		{0BB815DF-6855-47BD-9B25-9F1F6D1590AB}.Debug|x64.ActiveCfg = Debug|x64
		{0BB815DF-6855-47BD-9B25-9F1F6D1590AB}.Debug|x64.Build.0 = Debug|x64
		{0BB815DF-6855-47BD-9B25-9F1F6D1590AB}.Release|x64.ActiveCfg = Release|x64
		{0BB815DF-6855-47BD-9B25-9F1F6D1590AB}.Release|x64.Build.0 = Release|x64
	EndGlobalSection
	GlobalSection(SolutionProperties) = preSolution
		HideSolutionNode = FALSE
	EndGlobalSection
	GlobalSection(ExtensibilityGlobals) = postSolution
		SolutionGuid = {3980F459-1665-4F76-846F-B00998BAEFD3}
	EndGlobalSection
EndGlobal
